# This file is autogenerated, do not edit; changes may be undone by the next 'dep ensure'.


[[projects]]
  name = "github.com/botopolis/bot"
  packages = ["."]
  revision = "efb358abb4e58452f303dacdab04768982c1dc7b"
  version = "v0.2.0"

[[projects]]
  name = "github.com/botopolis/redis"
  packages = ["."]
  revision = "610fa0ece516345820fbce1278d1ecf724da6af6"
  version = "v0.2.0"

[[projects]]
  name = "github.com/botopolis/slack"
  packages = ["."]
  revision = "3a404b1ac554e5fb52dd23cd5a2639e9842b7511"
  version = "v0.2.1"

[[projects]]
  name = "github.com/go-redis/cache"
  packages = [".","internal/lrucache","internal/singleflight"]
  revision = "3f6cdf066d4206924422d4dcdb2cc7b93cfc600d"
  version = "v6.3.4"

[[projects]]
  name = "github.com/go-redis/redis"
  packages = [".","internal","internal/consistenthash","internal/hashtag","internal/pool","internal/proto"]
  revision = "8b4fa6d443e35ca8b1c37be877285252430b06a3"
  version = "v6.8.3"

[[projects]]
  name = "github.com/golang/protobuf"
  packages = ["proto"]
  revision = "925541529c1fa6821df4e44ce2723319eb2be768"
  version = "v1.0.0"

[[projects]]
  name = "github.com/gorilla/context"
  packages = ["."]
  revision = "1ea25387ff6f684839d82767c1733ff4d4d15d0a"
  version = "v1.1"

[[projects]]
  name = "github.com/gorilla/mux"
  packages = ["."]
  revision = "53c1911da2b537f792e7cafcb446b05ffe33b996"
  version = "v1.6.1"

[[projects]]
  name = "github.com/nlopes/slack"
  packages = ["."]
  revision = "d86785d50d4be9c2e11cfbb0ed601f5dcb22899c"

[[projects]]
  name = "github.com/op/go-logging"
  packages = ["."]
  revision = "b2cb9fa56473e98db8caba80237377e83fe44db5"
  version = "v1"

[[projects]]
  name = "github.com/vmihailenco/msgpack"
  packages = [".","codes"]
  revision = "b83fb55e0632418103602b3b23851cabc5d11762"
  version = "v3.2.8"

[[projects]]
  branch = "master"
  name = "golang.org/x/net"
  packages = ["context","websocket"]
  revision = "2fb46b16b8dda405028c50f7c7f0f9dd1fa6bfb1"

[[projects]]
  name = "google.golang.org/appengine"
  packages = [".","datastore","internal","internal/app_identity","internal/base","internal/datastore","internal/log","internal/modules","internal/remote_api"]
  revision = "150dc57a1b433e64154302bdc40b6bb8aefa313a"
  version = "v1.0.0"

[solve-meta]
  analyzer-name = "dep"
  analyzer-version = 1
  inputs-digest = "50645efeb18f52ba655d12e3ea2d069c1fcd9ffd76074e88aed58a85dc4dd394"
  solver-name = "gps-cdcl"
  solver-version = 1
